
Microsoft Visual Studio Solution File, Format Version 12.00
# Visual Studio 15
VisualStudioVersion = 15.0.27130.2020
MinimumVisualStudioVersion = 10.0.40219.1
Project("{2150E333-8FDC-42A3-9474-1A3956D46DE8}") = "1-Service", "1-Service", "{A80E34E7-954C-4665-9C73-740E1D952E3E}"
EndProject
Project("{FAE04EC0-301F-11D3-BF4B-00C04F79EFBC}") = "SGQ.GDOL.Api", "SGQ.GDOL\SGQ.GDOL.Api\SGQ.GDOL.Api.csproj", "{A5C73F29-B1FA-4507-93E6-98AD76767C9E}"
EndProject
Project("{2150E333-8FDC-42A3-9474-1A3956D46DE8}") = "2-Domain", "2-Domain", "{19247180-ED1F-4725-A460-F6B3D5B2D778}"
EndProject
Project("{FAE04EC0-301F-11D3-BF4B-00C04F79EFBC}") = "SGQ.GDOL.Domain", "SGQ.GDOL\SGQ.GDOL.Domain\SGQ.GDOL.Domain.csproj", "{4AF03BCE-1930-4566-B989-862C62E57481}"
EndProject
Project("{FAE04EC0-301F-11D3-BF4B-00C04F79EFBC}") = "SGQ.GDOL.Domain.Core", "SGQ.GDOL\SGQ.GDOL.Domain.Core\SGQ.GDOL.Domain.Core.csproj", "{5611F5CA-80F5-4E2F-AF72-616A246AB625}"
EndProject
Project("{2150E333-8FDC-42A3-9474-1A3956D46DE8}") = "3-Infra", "3-Infra", "{414D9F44-98C8-488F-8423-1CDD44408209}"
EndProject
Project("{2150E333-8FDC-42A3-9474-1A3956D46DE8}") = "3.1-Data", "3.1-Data", "{BC503927-92D7-4A74-8B90-7B5A31C680E5}"
EndProject
Project("{FAE04EC0-301F-11D3-BF4B-00C04F79EFBC}") = "SGQ.GDOL.Infra.Data.SqlServer", "SGQ.GDOL\SGQ.GDOL.Infra.Data.SqlServer\SGQ.GDOL.Infra.Data.SqlServer.csproj", "{63D6DEA6-F8B6-4C37-8017-D0F6583BC681}"
EndProject
Project("{2150E333-8FDC-42A3-9474-1A3956D46DE8}") = "3.2-CrossCutting", "3.2-CrossCutting", "{D2F4B92E-55A0-4EB5-9C82-3F22D0673A02}"
EndProject
Project("{FAE04EC0-301F-11D3-BF4B-00C04F79EFBC}") = "SGQ.GDOL.Infra.CrossCutting.IoC", "SGQ.GDOL\SGQ.GDOL.Infra.CrossCutting.IoC\SGQ.GDOL.Infra.CrossCutting.IoC.csproj", "{45BBA4DF-03B3-4257-A791-95F90C2D5E24}"
EndProject
Global
	GlobalSection(SolutionConfigurationPlatforms) = preSolution
		Debug|Any CPU = Debug|Any CPU
		Release|Any CPU = Release|Any CPU
	EndGlobalSection
	GlobalSection(ProjectConfigurationPlatforms) = postSolution
		{A5C73F29-B1FA-4507-93E6-98AD76767C9E}.Debug|Any CPU.ActiveCfg = Debug|Any CPU
		{A5C73F29-B1FA-4507-93E6-98AD76767C9E}.Debug|Any CPU.Build.0 = Debug|Any CPU
		{A5C73F29-B1FA-4507-93E6-98AD76767C9E}.Release|Any CPU.ActiveCfg = Release|Any CPU
		{A5C73F29-B1FA-4507-93E6-98AD76767C9E}.Release|Any CPU.Build.0 = Release|Any CPU
		{4AF03BCE-1930-4566-B989-862C62E57481}.Debug|Any CPU.ActiveCfg = Debug|Any CPU
		{4AF03BCE-1930-4566-B989-862C62E57481}.Debug|Any CPU.Build.0 = Debug|Any CPU
		{4AF03BCE-1930-4566-B989-862C62E57481}.Release|Any CPU.ActiveCfg = Release|Any CPU
		{4AF03BCE-1930-4566-B989-862C62E57481}.Release|Any CPU.Build.0 = Release|Any CPU
		{5611F5CA-80F5-4E2F-AF72-616A246AB625}.Debug|Any CPU.ActiveCfg = Debug|Any CPU
		{5611F5CA-80F5-4E2F-AF72-616A246AB625}.Debug|Any CPU.Build.0 = Debug|Any CPU
		{5611F5CA-80F5-4E2F-AF72-616A246AB625}.Release|Any CPU.ActiveCfg = Release|Any CPU
		{5611F5CA-80F5-4E2F-AF72-616A246AB625}.Release|Any CPU.Build.0 = Release|Any CPU
		{63D6DEA6-F8B6-4C37-8017-D0F6583BC681}.Debug|Any CPU.ActiveCfg = Debug|Any CPU
		{63D6DEA6-F8B6-4C37-8017-D0F6583BC681}.Debug|Any CPU.Build.0 = Debug|Any CPU
		{63D6DEA6-F8B6-4C37-8017-D0F6583BC681}.Release|Any CPU.ActiveCfg = Release|Any CPU
		{63D6DEA6-F8B6-4C37-8017-D0F6583BC681}.Release|Any CPU.Build.0 = Release|Any CPU
		{45BBA4DF-03B3-4257-A791-95F90C2D5E24}.Debug|Any CPU.ActiveCfg = Debug|Any CPU
		{45BBA4DF-03B3-4257-A791-95F90C2D5E24}.Debug|Any CPU.Build.0 = Debug|Any CPU
		{45BBA4DF-03B3-4257-A791-95F90C2D5E24}.Release|Any CPU.ActiveCfg = Release|Any CPU
		{45BBA4DF-03B3-4257-A791-95F90C2D5E24}.Release|Any CPU.Build.0 = Release|Any CPU
	EndGlobalSection
	GlobalSection(SolutionProperties) = preSolution
		HideSolutionNode = FALSE
	EndGlobalSection
	GlobalSection(NestedProjects) = preSolution
		{A5C73F29-B1FA-4507-93E6-98AD76767C9E} = {A80E34E7-954C-4665-9C73-740E1D952E3E}
		{4AF03BCE-1930-4566-B989-862C62E57481} = {19247180-ED1F-4725-A460-F6B3D5B2D778}
		{5611F5CA-80F5-4E2F-AF72-616A246AB625} = {19247180-ED1F-4725-A460-F6B3D5B2D778}
		{BC503927-92D7-4A74-8B90-7B5A31C680E5} = {414D9F44-98C8-488F-8423-1CDD44408209}
		{63D6DEA6-F8B6-4C37-8017-D0F6583BC681} = {BC503927-92D7-4A74-8B90-7B5A31C680E5}
		{D2F4B92E-55A0-4EB5-9C82-3F22D0673A02} = {414D9F44-98C8-488F-8423-1CDD44408209}
		{45BBA4DF-03B3-4257-A791-95F90C2D5E24} = {D2F4B92E-55A0-4EB5-9C82-3F22D0673A02}
	EndGlobalSection
	GlobalSection(ExtensibilityGlobals) = postSolution
		SolutionGuid = {1D006B4F-C1D5-4427-B7E7-035695DAEF14}
	EndGlobalSection
EndGlobal
